
Microsoft Visual Studio Solution File, Format Version 12.00
# Visual Studio 2012
Project("{2150E333-8FDC-42A3-9474-1A3956D46DE8}") = "TaskList", "TaskList", "{C9048EB6-EF49-42CD-AB6A-A246BFF6651A}"
EndProject
Project("{FAE04EC0-301F-11D3-BF4B-00C04F79EFBC}") = "Objects", "TaskList\Objects\Objects.csproj", "{9B6D66A1-F081-47F1-A0E6-C183B37E1FC0}"
EndProject
Project("{2150E333-8FDC-42A3-9474-1A3956D46DE8}") = "Solution Items", "Solution Items", "{9AE577B3-E04E-4BC7-8410-9DDDA9DF8DFF}"
	ProjectSection(SolutionItems) = preProject
		Solution Items\ProfMamba.TaskList.snk = Solution Items\ProfMamba.TaskList.snk
	EndProjectSection
EndProject
Project("{2150E333-8FDC-42A3-9474-1A3956D46DE8}") = "Database", "Database", "{A5F98BDA-2179-44B4-AF79-E1AD972B7481}"
EndProject
Project("{00D1A9C2-B5F0-4AF3-8072-F6C62B433612}") = "TaskList", "DataBase\TaskList\TaskList\TaskList.sqlproj", "{ADEBA421-9B0A-46C9-AF13-B19B33D43643}"
EndProject
Project("{FAE04EC0-301F-11D3-BF4B-00C04F79EFBC}") = "Interfaces", "TaskList\Interfaces\Interfaces\Interfaces.csproj", "{9FA18B63-7F91-4D4D-912C-5F4C957E817D}"
EndProject
Project("{FAE04EC0-301F-11D3-BF4B-00C04F79EFBC}") = "Context", "TaskList\Context\Context.csproj", "{941D5BFA-6E44-4766-A187-EF09E0D1E23E}"
EndProject
Project("{FAE04EC0-301F-11D3-BF4B-00C04F79EFBC}") = "Logic", "TaskList\Logic\Logic.csproj", "{9DD199E7-BBEE-4E58-9240-CFA44E4C921E}"
EndProject
Project("{2150E333-8FDC-42A3-9474-1A3956D46DE8}") = "Test", "Test", "{C87BF2B7-C38F-4F42-B075-9D64B2168284}"
EndProject
Project("{FAE04EC0-301F-11D3-BF4B-00C04F79EFBC}") = "Logic", "TaskList\Test\Logic\Logic.csproj", "{0C4125EF-71B7-4AEC-B890-4DAF201505ED}"
EndProject
Project("{FAE04EC0-301F-11D3-BF4B-00C04F79EFBC}") = "WebApp", "TaskList\WebApp\WebApp.csproj", "{135CF560-D919-4E97-9361-CE48D9B3C820}"
EndProject
Global
	GlobalSection(SolutionConfigurationPlatforms) = preSolution
		Debug|Any CPU = Debug|Any CPU
		Release|Any CPU = Release|Any CPU
	EndGlobalSection
	GlobalSection(ProjectConfigurationPlatforms) = postSolution
		{9B6D66A1-F081-47F1-A0E6-C183B37E1FC0}.Debug|Any CPU.ActiveCfg = Debug|Any CPU
		{9B6D66A1-F081-47F1-A0E6-C183B37E1FC0}.Debug|Any CPU.Build.0 = Debug|Any CPU
		{9B6D66A1-F081-47F1-A0E6-C183B37E1FC0}.Release|Any CPU.ActiveCfg = Release|Any CPU
		{9B6D66A1-F081-47F1-A0E6-C183B37E1FC0}.Release|Any CPU.Build.0 = Release|Any CPU
		{ADEBA421-9B0A-46C9-AF13-B19B33D43643}.Debug|Any CPU.ActiveCfg = Debug|Any CPU
		{ADEBA421-9B0A-46C9-AF13-B19B33D43643}.Debug|Any CPU.Build.0 = Debug|Any CPU
		{ADEBA421-9B0A-46C9-AF13-B19B33D43643}.Release|Any CPU.ActiveCfg = Release|Any CPU
		{ADEBA421-9B0A-46C9-AF13-B19B33D43643}.Release|Any CPU.Build.0 = Release|Any CPU
		{ADEBA421-9B0A-46C9-AF13-B19B33D43643}.Release|Any CPU.Deploy.0 = Release|Any CPU
		{9FA18B63-7F91-4D4D-912C-5F4C957E817D}.Debug|Any CPU.ActiveCfg = Debug|Any CPU
		{9FA18B63-7F91-4D4D-912C-5F4C957E817D}.Debug|Any CPU.Build.0 = Debug|Any CPU
		{9FA18B63-7F91-4D4D-912C-5F4C957E817D}.Release|Any CPU.ActiveCfg = Release|Any CPU
		{9FA18B63-7F91-4D4D-912C-5F4C957E817D}.Release|Any CPU.Build.0 = Release|Any CPU
		{941D5BFA-6E44-4766-A187-EF09E0D1E23E}.Debug|Any CPU.ActiveCfg = Debug|Any CPU
		{941D5BFA-6E44-4766-A187-EF09E0D1E23E}.Debug|Any CPU.Build.0 = Debug|Any CPU
		{941D5BFA-6E44-4766-A187-EF09E0D1E23E}.Release|Any CPU.ActiveCfg = Release|Any CPU
		{941D5BFA-6E44-4766-A187-EF09E0D1E23E}.Release|Any CPU.Build.0 = Release|Any CPU
		{9DD199E7-BBEE-4E58-9240-CFA44E4C921E}.Debug|Any CPU.ActiveCfg = Debug|Any CPU
		{9DD199E7-BBEE-4E58-9240-CFA44E4C921E}.Debug|Any CPU.Build.0 = Debug|Any CPU
		{9DD199E7-BBEE-4E58-9240-CFA44E4C921E}.Release|Any CPU.ActiveCfg = Release|Any CPU
		{9DD199E7-BBEE-4E58-9240-CFA44E4C921E}.Release|Any CPU.Build.0 = Release|Any CPU
		{0C4125EF-71B7-4AEC-B890-4DAF201505ED}.Debug|Any CPU.ActiveCfg = Debug|Any CPU
		{0C4125EF-71B7-4AEC-B890-4DAF201505ED}.Debug|Any CPU.Build.0 = Debug|Any CPU
		{0C4125EF-71B7-4AEC-B890-4DAF201505ED}.Release|Any CPU.ActiveCfg = Release|Any CPU
		{0C4125EF-71B7-4AEC-B890-4DAF201505ED}.Release|Any CPU.Build.0 = Release|Any CPU
		{135CF560-D919-4E97-9361-CE48D9B3C820}.Debug|Any CPU.ActiveCfg = Debug|Any CPU
		{135CF560-D919-4E97-9361-CE48D9B3C820}.Debug|Any CPU.Build.0 = Debug|Any CPU
		{135CF560-D919-4E97-9361-CE48D9B3C820}.Release|Any CPU.ActiveCfg = Release|Any CPU
		{135CF560-D919-4E97-9361-CE48D9B3C820}.Release|Any CPU.Build.0 = Release|Any CPU
	EndGlobalSection
	GlobalSection(SolutionProperties) = preSolution
		HideSolutionNode = FALSE
	EndGlobalSection
	GlobalSection(NestedProjects) = preSolution
		{9B6D66A1-F081-47F1-A0E6-C183B37E1FC0} = {C9048EB6-EF49-42CD-AB6A-A246BFF6651A}
		{9FA18B63-7F91-4D4D-912C-5F4C957E817D} = {C9048EB6-EF49-42CD-AB6A-A246BFF6651A}
		{941D5BFA-6E44-4766-A187-EF09E0D1E23E} = {C9048EB6-EF49-42CD-AB6A-A246BFF6651A}
		{9DD199E7-BBEE-4E58-9240-CFA44E4C921E} = {C9048EB6-EF49-42CD-AB6A-A246BFF6651A}
		{C87BF2B7-C38F-4F42-B075-9D64B2168284} = {C9048EB6-EF49-42CD-AB6A-A246BFF6651A}
		{135CF560-D919-4E97-9361-CE48D9B3C820} = {C9048EB6-EF49-42CD-AB6A-A246BFF6651A}
		{ADEBA421-9B0A-46C9-AF13-B19B33D43643} = {A5F98BDA-2179-44B4-AF79-E1AD972B7481}
		{0C4125EF-71B7-4AEC-B890-4DAF201505ED} = {C87BF2B7-C38F-4F42-B075-9D64B2168284}
	EndGlobalSection
EndGlobal
